
Microsoft Visual Studio Solution File, Format Version 12.00
# Visual Studio Version 16
VisualStudioVersion = 16.0.29020.237
MinimumVisualStudioVersion = 10.0.40219.1
Project("{9A19103F-16F7-4668-BE54-9A1E7A4F7556}") = "QueueReadingChannelsSample", "src\QueueReadingChannelsSample\QueueReadingChannelsSample.csproj", "{96E3A017-3590-4C9C-9E50-FDB04930CDA3}"
EndProject
Project("{2150E333-8FDC-42A3-9474-1A3956D46DE8}") = "src", "src", "{7ED8E5FE-7875-485E-A8CD-DBE603EE230E}"
EndProject
Global
	GlobalSection(SolutionConfigurationPlatforms) = preSolution
		Debug|Any CPU = Debug|Any CPU
		Release|Any CPU = Release|Any CPU
	EndGlobalSection
	GlobalSection(ProjectConfigurationPlatforms) = postSolution
		{96E3A017-3590-4C9C-9E50-FDB04930CDA3}.Debug|Any CPU.ActiveCfg = Debug|Any CPU
		{96E3A017-3590-4C9C-9E50-FDB04930CDA3}.Debug|Any CPU.Build.0 = Debug|Any CPU
		{96E3A017-3590-4C9C-9E50-FDB04930CDA3}.Release|Any CPU.ActiveCfg = Release|Any CPU
		{96E3A017-3590-4C9C-9E50-FDB04930CDA3}.Release|Any CPU.Build.0 = Release|Any CPU
	EndGlobalSection
	GlobalSection(SolutionProperties) = preSolution
		HideSolutionNode = FALSE
	EndGlobalSection
	GlobalSection(NestedProjects) = preSolution
		{96E3A017-3590-4C9C-9E50-FDB04930CDA3} = {7ED8E5FE-7875-485E-A8CD-DBE603EE230E}
	EndGlobalSection
	GlobalSection(ExtensibilityGlobals) = postSolution
		SolutionGuid = {D3BCF26C-3AE9-42C7-88C3-79E5F19D7EBD}
	EndGlobalSection
EndGlobal
